<Solution>
  <Project Path="Assembly-CSharp-Editor.csproj" />
  <Project Path="Zenject.csproj" />
  <Project Path="UniRx.csproj" />
  <Project Path="Zenject-IntegrationTests-Editor.csproj" />
  <Project Path="Rive.Runtime.Components.csproj" />
  <Project Path="spine-unity-examples.csproj" />
  <Project Path="Zenject-ReflectionBaking-Editor.csproj" />
  <Project Path="spine-unity-editor.csproj" />
  <Project Path="Zenject-UnitTests-Editor.csproj" />
  <Project Path="Zenject-Editor.csproj" />
  <Project Path="Zenject-IntegrationTests.csproj" />
  <Project Path="spine-csharp.csproj" />
  <Project Path="spine-unity.csproj" />
  <Project Path="Rive.Editor.Components.csproj" />
  <Project Path="Assembly-CSharp.csproj" />
  <Project Path="Rive.Runtime.csproj" />
  <Project Path="UniRx.Examples.csproj" />
  <Project Path="Assembly-CSharp-firstpass.csproj" />
  <Project Path="Rive.Editor.csproj" />
  <Project Path="Zenject-TestFramework.csproj" />
  <Project Path="Zenject-PoolMonitor-Editor.csproj" />
  <Project Path="spine-unity-examples-editor.csproj" />
</Solution>
